
Microsoft Visual Studio Solution File, Format Version 12.00
# Visual Studio 14
VisualStudioVersion = 14.0.23107.0
MinimumVisualStudioVersion = 10.0.40219.1
Project("{FAE04EC0-301F-11D3-BF4B-00C04F79EFBC}") = "LibraryManageSystem", "LibraryManageSystem\LibraryManageSystem.csproj", "{ED5EB527-CD7E-4ACD-B564-015B6F0FE706}"
EndProject
Project("{FAE04EC0-301F-11D3-BF4B-00C04F79EFBC}") = "Model", "Common\Model.csproj", "{DFCDC5F5-CCC5-4B96-A10B-A356472E523F}"
EndProject
Project("{FAE04EC0-301F-11D3-BF4B-00C04F79EFBC}") = "LMSBLL", "LMSBLL\LMSBLL.csproj", "{9ADFF7F6-5442-43B1-9291-EE4D8BAA6231}"
EndProject
Project("{FAE04EC0-301F-11D3-BF4B-00C04F79EFBC}") = "LMSDAL", "LMSDAL\LMSDAL.csproj", "{72E0FE98-2069-43F3-9279-490F07D565BA}"
EndProject
Project("{FAE04EC0-301F-11D3-BF4B-00C04F79EFBC}") = "IDAL", "IDAL\IDAL.csproj", "{52F74C15-181E-4411-B474-9A407390ECA6}"
EndProject
Project("{FAE04EC0-301F-11D3-BF4B-00C04F79EFBC}") = "DALFactory", "DALFactory\DALFactory.csproj", "{3078D29D-1F1D-4684-9CD7-AB293DB1B1B4}"
EndProject
Global
	GlobalSection(SolutionConfigurationPlatforms) = preSolution
		Debug|Any CPU = Debug|Any CPU
		Release|Any CPU = Release|Any CPU
	EndGlobalSection
	GlobalSection(ProjectConfigurationPlatforms) = postSolution
		{ED5EB527-CD7E-4ACD-B564-015B6F0FE706}.Debug|Any CPU.ActiveCfg = Debug|Any CPU
		{ED5EB527-CD7E-4ACD-B564-015B6F0FE706}.Debug|Any CPU.Build.0 = Debug|Any CPU
		{ED5EB527-CD7E-4ACD-B564-015B6F0FE706}.Release|Any CPU.ActiveCfg = Release|Any CPU
		{ED5EB527-CD7E-4ACD-B564-015B6F0FE706}.Release|Any CPU.Build.0 = Release|Any CPU
		{DFCDC5F5-CCC5-4B96-A10B-A356472E523F}.Debug|Any CPU.ActiveCfg = Debug|Any CPU
		{DFCDC5F5-CCC5-4B96-A10B-A356472E523F}.Debug|Any CPU.Build.0 = Debug|Any CPU
		{DFCDC5F5-CCC5-4B96-A10B-A356472E523F}.Release|Any CPU.ActiveCfg = Release|Any CPU
		{DFCDC5F5-CCC5-4B96-A10B-A356472E523F}.Release|Any CPU.Build.0 = Release|Any CPU
		{9ADFF7F6-5442-43B1-9291-EE4D8BAA6231}.Debug|Any CPU.ActiveCfg = Debug|Any CPU
		{9ADFF7F6-5442-43B1-9291-EE4D8BAA6231}.Debug|Any CPU.Build.0 = Debug|Any CPU
		{9ADFF7F6-5442-43B1-9291-EE4D8BAA6231}.Release|Any CPU.ActiveCfg = Release|Any CPU
		{9ADFF7F6-5442-43B1-9291-EE4D8BAA6231}.Release|Any CPU.Build.0 = Release|Any CPU
		{72E0FE98-2069-43F3-9279-490F07D565BA}.Debug|Any CPU.ActiveCfg = Debug|Any CPU
		{72E0FE98-2069-43F3-9279-490F07D565BA}.Debug|Any CPU.Build.0 = Debug|Any CPU
		{72E0FE98-2069-43F3-9279-490F07D565BA}.Release|Any CPU.ActiveCfg = Release|Any CPU
		{72E0FE98-2069-43F3-9279-490F07D565BA}.Release|Any CPU.Build.0 = Release|Any CPU
		{52F74C15-181E-4411-B474-9A407390ECA6}.Debug|Any CPU.ActiveCfg = Debug|Any CPU
		{52F74C15-181E-4411-B474-9A407390ECA6}.Debug|Any CPU.Build.0 = Debug|Any CPU
		{52F74C15-181E-4411-B474-9A407390ECA6}.Release|Any CPU.ActiveCfg = Release|Any CPU
		{52F74C15-181E-4411-B474-9A407390ECA6}.Release|Any CPU.Build.0 = Release|Any CPU
		{3078D29D-1F1D-4684-9CD7-AB293DB1B1B4}.Debug|Any CPU.ActiveCfg = Debug|Any CPU
		{3078D29D-1F1D-4684-9CD7-AB293DB1B1B4}.Debug|Any CPU.Build.0 = Debug|Any CPU
		{3078D29D-1F1D-4684-9CD7-AB293DB1B1B4}.Release|Any CPU.ActiveCfg = Release|Any CPU
		{3078D29D-1F1D-4684-9CD7-AB293DB1B1B4}.Release|Any CPU.Build.0 = Release|Any CPU
	EndGlobalSection
	GlobalSection(SolutionProperties) = preSolution
		HideSolutionNode = FALSE
	EndGlobalSection
EndGlobal
