
Microsoft Visual Studio Solution File, Format Version 12.00
# Visual Studio 14
VisualStudioVersion = 14.0.23107.0
MinimumVisualStudioVersion = 10.0.40219.1
Project("{FAE04EC0-301F-11D3-BF4B-00C04F79EFBC}") = "LibraryManageSystem", "LibraryManageSystem\LibraryManageSystem.csproj", "{ED5EB527-CD7E-4ACD-B564-015B6F0FE706}"
EndProject
Project("{FAE04EC0-301F-11D3-BF4B-00C04F79EFBC}") = "LMSBLL", "LMSBLL\LMSBLL.csproj", "{9ADFF7F6-5442-43B1-9291-EE4D8BAA6231}"
EndProject
Project("{FAE04EC0-301F-11D3-BF4B-00C04F79EFBC}") = "IDAL", "IDAL\IDAL.csproj", "{52F74C15-181E-4411-B474-9A407390ECA6}"
EndProject
Project("{FAE04EC0-301F-11D3-BF4B-00C04F79EFBC}") = "DALFactory", "DALFactory\DALFactory.csproj", "{3078D29D-1F1D-4684-9CD7-AB293DB1B1B4}"
EndProject
Project("{FAE04EC0-301F-11D3-BF4B-00C04F79EFBC}") = "SQLDAL", "SQLDAL\SQLDAL.csproj", "{191ECD1C-F755-4C0D-8159-01DFC4C0AC01}"
EndProject
Project("{FAE04EC0-301F-11D3-BF4B-00C04F79EFBC}") = "LMSTest", "LMSTest\LMSTest.csproj", "{5F6706DF-B4F3-45B6-9C89-233479415415}"
EndProject
Project("{FAE04EC0-301F-11D3-BF4B-00C04F79EFBC}") = "Model", "Model\Model.csproj", "{5F7F1E1D-A0BE-4C15-B8F4-7568414AB4D8}"
EndProject
Project("{FAE04EC0-301F-11D3-BF4B-00C04F79EFBC}") = "SQLDALTests", "SQLDALTests\SQLDALTests.csproj", "{2BB7B4CE-FE07-4C7C-8440-080FE21CC7B5}"
EndProject
Global
	GlobalSection(SolutionConfigurationPlatforms) = preSolution
		Debug|Any CPU = Debug|Any CPU
		Release|Any CPU = Release|Any CPU
	EndGlobalSection
	GlobalSection(ProjectConfigurationPlatforms) = postSolution
		{ED5EB527-CD7E-4ACD-B564-015B6F0FE706}.Debug|Any CPU.ActiveCfg = Debug|Any CPU
		{ED5EB527-CD7E-4ACD-B564-015B6F0FE706}.Debug|Any CPU.Build.0 = Debug|Any CPU
		{ED5EB527-CD7E-4ACD-B564-015B6F0FE706}.Release|Any CPU.ActiveCfg = Release|Any CPU
		{ED5EB527-CD7E-4ACD-B564-015B6F0FE706}.Release|Any CPU.Build.0 = Release|Any CPU
		{9ADFF7F6-5442-43B1-9291-EE4D8BAA6231}.Debug|Any CPU.ActiveCfg = Debug|Any CPU
		{9ADFF7F6-5442-43B1-9291-EE4D8BAA6231}.Debug|Any CPU.Build.0 = Debug|Any CPU
		{9ADFF7F6-5442-43B1-9291-EE4D8BAA6231}.Release|Any CPU.ActiveCfg = Release|Any CPU
		{9ADFF7F6-5442-43B1-9291-EE4D8BAA6231}.Release|Any CPU.Build.0 = Release|Any CPU
		{52F74C15-181E-4411-B474-9A407390ECA6}.Debug|Any CPU.ActiveCfg = Debug|Any CPU
		{52F74C15-181E-4411-B474-9A407390ECA6}.Debug|Any CPU.Build.0 = Debug|Any CPU
		{52F74C15-181E-4411-B474-9A407390ECA6}.Release|Any CPU.ActiveCfg = Release|Any CPU
		{52F74C15-181E-4411-B474-9A407390ECA6}.Release|Any CPU.Build.0 = Release|Any CPU
		{3078D29D-1F1D-4684-9CD7-AB293DB1B1B4}.Debug|Any CPU.ActiveCfg = Debug|Any CPU
		{3078D29D-1F1D-4684-9CD7-AB293DB1B1B4}.Debug|Any CPU.Build.0 = Debug|Any CPU
		{3078D29D-1F1D-4684-9CD7-AB293DB1B1B4}.Release|Any CPU.ActiveCfg = Release|Any CPU
		{3078D29D-1F1D-4684-9CD7-AB293DB1B1B4}.Release|Any CPU.Build.0 = Release|Any CPU
		{191ECD1C-F755-4C0D-8159-01DFC4C0AC01}.Debug|Any CPU.ActiveCfg = Debug|Any CPU
		{191ECD1C-F755-4C0D-8159-01DFC4C0AC01}.Debug|Any CPU.Build.0 = Debug|Any CPU
		{191ECD1C-F755-4C0D-8159-01DFC4C0AC01}.Release|Any CPU.ActiveCfg = Release|Any CPU
		{191ECD1C-F755-4C0D-8159-01DFC4C0AC01}.Release|Any CPU.Build.0 = Release|Any CPU
		{5F6706DF-B4F3-45B6-9C89-233479415415}.Debug|Any CPU.ActiveCfg = Debug|Any CPU
		{5F6706DF-B4F3-45B6-9C89-233479415415}.Debug|Any CPU.Build.0 = Debug|Any CPU
		{5F6706DF-B4F3-45B6-9C89-233479415415}.Release|Any CPU.ActiveCfg = Release|Any CPU
		{5F6706DF-B4F3-45B6-9C89-233479415415}.Release|Any CPU.Build.0 = Release|Any CPU
		{5F7F1E1D-A0BE-4C15-B8F4-7568414AB4D8}.Debug|Any CPU.ActiveCfg = Debug|Any CPU
		{5F7F1E1D-A0BE-4C15-B8F4-7568414AB4D8}.Debug|Any CPU.Build.0 = Debug|Any CPU
		{5F7F1E1D-A0BE-4C15-B8F4-7568414AB4D8}.Release|Any CPU.ActiveCfg = Release|Any CPU
		{5F7F1E1D-A0BE-4C15-B8F4-7568414AB4D8}.Release|Any CPU.Build.0 = Release|Any CPU
		{2BB7B4CE-FE07-4C7C-8440-080FE21CC7B5}.Debug|Any CPU.ActiveCfg = Debug|Any CPU
		{2BB7B4CE-FE07-4C7C-8440-080FE21CC7B5}.Debug|Any CPU.Build.0 = Debug|Any CPU
		{2BB7B4CE-FE07-4C7C-8440-080FE21CC7B5}.Release|Any CPU.ActiveCfg = Release|Any CPU
		{2BB7B4CE-FE07-4C7C-8440-080FE21CC7B5}.Release|Any CPU.Build.0 = Release|Any CPU
	EndGlobalSection
	GlobalSection(SolutionProperties) = preSolution
		HideSolutionNode = FALSE
	EndGlobalSection
EndGlobal
